
Microsoft Visual Studio Solution File, Format Version 12.00
# Visual Studio Version 17
VisualStudioVersion = 17.8.34330.188
MinimumVisualStudioVersion = 10.0.40219.1
Project("{9A19103F-16F7-4668-BE54-9A1E7A4F7556}") = "TestWindow", "TestWindow.csproj", "{174E045B-47B0-44A3-92AB-D87BD545E424}"
EndProject
Project("{9A19103F-16F7-4668-BE54-9A1E7A4F7556}") = "Diga.WebView2.Interop", "..\Diga.WebView2.Interop\Diga.WebView2.Interop.csproj", "{600E4A81-C351-4ABF-8C93-3444D0981022}"
EndProject
Project("{9A19103F-16F7-4668-BE54-9A1E7A4F7556}") = "Diga.WebView2.Wrapper", "..\Diga.WebView2.Wrapper\Diga.WebView2.Wrapper.csproj", "{240C85FE-4465-4018-94BF-DF2957A99835}"
EndProject
Project("{FAE04EC0-301F-11D3-BF4B-00C04F79EFBC}") = "Diga.NativeControls.WebBrowser", "..\Diga.NativeControls.WebBrowser\Diga.NativeControls.WebBrowser.csproj", "{A536B07B-AC46-4219-A02C-3DA3F99E9B8C}"
EndProject
Global
	GlobalSection(SolutionConfigurationPlatforms) = preSolution
		Debug|Any CPU = Debug|Any CPU
		Debug|x64 = Debug|x64
		Release|Any CPU = Release|Any CPU
		Release|x64 = Release|x64
	EndGlobalSection
	GlobalSection(ProjectConfigurationPlatforms) = postSolution
		{174E045B-47B0-44A3-92AB-D87BD545E424}.Debug|Any CPU.ActiveCfg = Debug|Any CPU
		{174E045B-47B0-44A3-92AB-D87BD545E424}.Debug|Any CPU.Build.0 = Debug|Any CPU
		{174E045B-47B0-44A3-92AB-D87BD545E424}.Debug|x64.ActiveCfg = Debug|Any CPU
		{174E045B-47B0-44A3-92AB-D87BD545E424}.Debug|x64.Build.0 = Debug|Any CPU
		{174E045B-47B0-44A3-92AB-D87BD545E424}.Release|Any CPU.ActiveCfg = Release|Any CPU
		{174E045B-47B0-44A3-92AB-D87BD545E424}.Release|Any CPU.Build.0 = Release|Any CPU
		{174E045B-47B0-44A3-92AB-D87BD545E424}.Release|x64.ActiveCfg = Release|Any CPU
		{174E045B-47B0-44A3-92AB-D87BD545E424}.Release|x64.Build.0 = Release|Any CPU
		{600E4A81-C351-4ABF-8C93-3444D0981022}.Debug|Any CPU.ActiveCfg = Debug|Any CPU
		{600E4A81-C351-4ABF-8C93-3444D0981022}.Debug|Any CPU.Build.0 = Debug|Any CPU
		{600E4A81-C351-4ABF-8C93-3444D0981022}.Debug|x64.ActiveCfg = Debug|Any CPU
		{600E4A81-C351-4ABF-8C93-3444D0981022}.Debug|x64.Build.0 = Debug|Any CPU
		{600E4A81-C351-4ABF-8C93-3444D0981022}.Release|Any CPU.ActiveCfg = Release|Any CPU
		{600E4A81-C351-4ABF-8C93-3444D0981022}.Release|Any CPU.Build.0 = Release|Any CPU
		{600E4A81-C351-4ABF-8C93-3444D0981022}.Release|x64.ActiveCfg = Release|Any CPU
		{600E4A81-C351-4ABF-8C93-3444D0981022}.Release|x64.Build.0 = Release|Any CPU
		{240C85FE-4465-4018-94BF-DF2957A99835}.Debug|Any CPU.ActiveCfg = Debug|Any CPU
		{240C85FE-4465-4018-94BF-DF2957A99835}.Debug|Any CPU.Build.0 = Debug|Any CPU
		{240C85FE-4465-4018-94BF-DF2957A99835}.Debug|x64.ActiveCfg = Debug|Any CPU
		{240C85FE-4465-4018-94BF-DF2957A99835}.Debug|x64.Build.0 = Debug|Any CPU
		{240C85FE-4465-4018-94BF-DF2957A99835}.Release|Any CPU.ActiveCfg = Release|Any CPU
		{240C85FE-4465-4018-94BF-DF2957A99835}.Release|Any CPU.Build.0 = Release|Any CPU
		{240C85FE-4465-4018-94BF-DF2957A99835}.Release|x64.ActiveCfg = Release|Any CPU
		{240C85FE-4465-4018-94BF-DF2957A99835}.Release|x64.Build.0 = Release|Any CPU
		{A536B07B-AC46-4219-A02C-3DA3F99E9B8C}.Debug|Any CPU.ActiveCfg = Debug|Any CPU
		{A536B07B-AC46-4219-A02C-3DA3F99E9B8C}.Debug|Any CPU.Build.0 = Debug|Any CPU
		{A536B07B-AC46-4219-A02C-3DA3F99E9B8C}.Debug|x64.ActiveCfg = Debug|Any CPU
		{A536B07B-AC46-4219-A02C-3DA3F99E9B8C}.Debug|x64.Build.0 = Debug|Any CPU
		{A536B07B-AC46-4219-A02C-3DA3F99E9B8C}.Release|Any CPU.ActiveCfg = Release|Any CPU
		{A536B07B-AC46-4219-A02C-3DA3F99E9B8C}.Release|Any CPU.Build.0 = Release|Any CPU
		{A536B07B-AC46-4219-A02C-3DA3F99E9B8C}.Release|x64.ActiveCfg = Release|Any CPU
		{A536B07B-AC46-4219-A02C-3DA3F99E9B8C}.Release|x64.Build.0 = Release|Any CPU
	EndGlobalSection
	GlobalSection(SolutionProperties) = preSolution
		HideSolutionNode = FALSE
	EndGlobalSection
	GlobalSection(ExtensibilityGlobals) = postSolution
		SolutionGuid = {9BD7AC54-5AEC-4F20-BD63-75DCBE9AF3FD}
	EndGlobalSection
EndGlobal
